
Microsoft Visual Studio Solution File, Format Version 12.00
# Visual Studio Version 16
VisualStudioVersion = 16.0.29123.88
MinimumVisualStudioVersion = 10.0.40219.1
Project("{9A19103F-16F7-4668-BE54-9A1E7A4F7556}") = "Alice.Web", "Alice.Web\Alice.Web.csproj", "{6A6780DD-7489-4F3D-9FFE-CCFC70D0A83C}"
EndProject
Project("{9A19103F-16F7-4668-BE54-9A1E7A4F7556}") = "Alice.Data", "Alice.Data\Alice.Data.csproj", "{A650E94E-8B52-4259-AAC1-E7202FF66313}"
EndProject
Project("{FAE04EC0-301F-11D3-BF4B-00C04F79EFBC}") = "Alice.Admin", "Alice.Admin\Alice.Admin.csproj", "{678383F0-4EBD-40DD-9A6D-2FDE5F10623E}"
EndProject
Project("{FAE04EC0-301F-11D3-BF4B-00C04F79EFBC}") = "Alice.Service", "Alice.Service\Alice.Service.csproj", "{79268F25-496D-4717-B467-67B732FE74AA}"
EndProject
Project("{FAE04EC0-301F-11D3-BF4B-00C04F79EFBC}") = "Alice.Core", "Alice.Core\Alice.Core.csproj", "{6E860F4B-E05C-4E1B-A039-F0640460BD01}"
EndProject
Global
	GlobalSection(SolutionConfigurationPlatforms) = preSolution
		Debug|Any CPU = Debug|Any CPU
		Release|Any CPU = Release|Any CPU
	EndGlobalSection
	GlobalSection(ProjectConfigurationPlatforms) = postSolution
		{6A6780DD-7489-4F3D-9FFE-CCFC70D0A83C}.Debug|Any CPU.ActiveCfg = Debug|Any CPU
		{6A6780DD-7489-4F3D-9FFE-CCFC70D0A83C}.Debug|Any CPU.Build.0 = Debug|Any CPU
		{6A6780DD-7489-4F3D-9FFE-CCFC70D0A83C}.Release|Any CPU.ActiveCfg = Release|Any CPU
		{6A6780DD-7489-4F3D-9FFE-CCFC70D0A83C}.Release|Any CPU.Build.0 = Release|Any CPU
		{A650E94E-8B52-4259-AAC1-E7202FF66313}.Debug|Any CPU.ActiveCfg = Debug|Any CPU
		{A650E94E-8B52-4259-AAC1-E7202FF66313}.Debug|Any CPU.Build.0 = Debug|Any CPU
		{A650E94E-8B52-4259-AAC1-E7202FF66313}.Release|Any CPU.ActiveCfg = Release|Any CPU
		{A650E94E-8B52-4259-AAC1-E7202FF66313}.Release|Any CPU.Build.0 = Release|Any CPU
		{678383F0-4EBD-40DD-9A6D-2FDE5F10623E}.Debug|Any CPU.ActiveCfg = Debug|Any CPU
		{678383F0-4EBD-40DD-9A6D-2FDE5F10623E}.Debug|Any CPU.Build.0 = Debug|Any CPU
		{678383F0-4EBD-40DD-9A6D-2FDE5F10623E}.Release|Any CPU.ActiveCfg = Release|Any CPU
		{678383F0-4EBD-40DD-9A6D-2FDE5F10623E}.Release|Any CPU.Build.0 = Release|Any CPU
		{79268F25-496D-4717-B467-67B732FE74AA}.Debug|Any CPU.ActiveCfg = Debug|Any CPU
		{79268F25-496D-4717-B467-67B732FE74AA}.Debug|Any CPU.Build.0 = Debug|Any CPU
		{79268F25-496D-4717-B467-67B732FE74AA}.Release|Any CPU.ActiveCfg = Release|Any CPU
		{79268F25-496D-4717-B467-67B732FE74AA}.Release|Any CPU.Build.0 = Release|Any CPU
		{6E860F4B-E05C-4E1B-A039-F0640460BD01}.Debug|Any CPU.ActiveCfg = Debug|Any CPU
		{6E860F4B-E05C-4E1B-A039-F0640460BD01}.Debug|Any CPU.Build.0 = Debug|Any CPU
		{6E860F4B-E05C-4E1B-A039-F0640460BD01}.Release|Any CPU.ActiveCfg = Release|Any CPU
		{6E860F4B-E05C-4E1B-A039-F0640460BD01}.Release|Any CPU.Build.0 = Release|Any CPU
	EndGlobalSection
	GlobalSection(SolutionProperties) = preSolution
		HideSolutionNode = FALSE
	EndGlobalSection
	GlobalSection(ExtensibilityGlobals) = postSolution
		SolutionGuid = {68CE379B-ABB0-4665-9F9A-99416FE2FC84}
	EndGlobalSection
EndGlobal
